
Microsoft Visual Studio Solution File, Format Version 12.00
# Visual Studio 15
VisualStudioVersion = 15.0.27428.2043
MinimumVisualStudioVersion = 10.0.40219.1
Project("{FAE04EC0-301F-11D3-BF4B-00C04F79EFBC}") = "IECSC.ALARM", "IECSC.ALARM\IECSC.ALARM.csproj", "{9EC4C14F-E63D-47B7-BBFF-39E7CB7F502B}"
EndProject
Global
	GlobalSection(SolutionConfigurationPlatforms) = preSolution
		Debug|Any CPU = Debug|Any CPU
		Release|Any CPU = Release|Any CPU
	EndGlobalSection
	GlobalSection(ProjectConfigurationPlatforms) = postSolution
		{9EC4C14F-E63D-47B7-BBFF-39E7CB7F502B}.Debug|Any CPU.ActiveCfg = Debug|Any CPU
		{9EC4C14F-E63D-47B7-BBFF-39E7CB7F502B}.Debug|Any CPU.Build.0 = Debug|Any CPU
		{9EC4C14F-E63D-47B7-BBFF-39E7CB7F502B}.Release|Any CPU.ActiveCfg = Release|Any CPU
		{9EC4C14F-E63D-47B7-BBFF-39E7CB7F502B}.Release|Any CPU.Build.0 = Release|Any CPU
	EndGlobalSection
	GlobalSection(SolutionProperties) = preSolution
		HideSolutionNode = FALSE
	EndGlobalSection
	GlobalSection(ExtensibilityGlobals) = postSolution
		SolutionGuid = {568C3336-7532-461A-8121-03C93E67F9D0}
	EndGlobalSection
EndGlobal
