
Microsoft Visual Studio Solution File, Format Version 12.00
# Visual Studio 15
VisualStudioVersion = 15.0.27130.2024
MinimumVisualStudioVersion = 10.0.40219.1
Project("{FAE04EC0-301F-11D3-BF4B-00C04F79EFBC}") = "WCS.ExcuteJob", "WCS.ExcuteJob\WCS.ExcuteJob.csproj", "{225DB413-E103-4557-BE33-0EA36AF16A69}"
EndProject
Global
	GlobalSection(SolutionConfigurationPlatforms) = preSolution
		Debug|Any CPU = Debug|Any CPU
		Release|Any CPU = Release|Any CPU
	EndGlobalSection
	GlobalSection(ProjectConfigurationPlatforms) = postSolution
		{225DB413-E103-4557-BE33-0EA36AF16A69}.Debug|Any CPU.ActiveCfg = Debug|Any CPU
		{225DB413-E103-4557-BE33-0EA36AF16A69}.Debug|Any CPU.Build.0 = Debug|Any CPU
		{225DB413-E103-4557-BE33-0EA36AF16A69}.Release|Any CPU.ActiveCfg = Release|Any CPU
		{225DB413-E103-4557-BE33-0EA36AF16A69}.Release|Any CPU.Build.0 = Release|Any CPU
	EndGlobalSection
	GlobalSection(SolutionProperties) = preSolution
		HideSolutionNode = FALSE
	EndGlobalSection
	GlobalSection(ExtensibilityGlobals) = postSolution
		SolutionGuid = {A9F95E6E-39B4-46FC-BCDB-82A48439FFFA}
	EndGlobalSection
EndGlobal
